
Microsoft Visual Studio Solution File, Format Version 12.00
# Visual Studio Version 17
VisualStudioVersion = 17.5.33516.290
MinimumVisualStudioVersion = 10.0.40219.1
Project("{9A19103F-16F7-4668-BE54-9A1E7A4F7556}") = "Testing Arithmetic", "Testing C# NUNit\Testing Arithmetic.csproj", "{2F87F1E6-FB97-4732-8EB7-F852A1559EF6}"
EndProject
Project("{9A19103F-16F7-4668-BE54-9A1E7A4F7556}") = "Testing Palindrome Word", "Testing Palindrome Word\Testing Palindrome Word.csproj", "{70D9C958-C9F5-4F7D-9C7B-12FA9AF6F87E}"
EndProject
Project("{9A19103F-16F7-4668-BE54-9A1E7A4F7556}") = "CalculatorTest", "CalculatorTest\CalculatorTest.csproj", "{9F35A5E6-0044-47D3-8901-145DB767EFEA}"
EndProject
Project("{9A19103F-16F7-4668-BE54-9A1E7A4F7556}") = "Domain", "Domain\Domain.csproj", "{05AD1E1D-A3C9-496D-A3FD-4DA6ACF0F492}"
EndProject
Project("{9A19103F-16F7-4668-BE54-9A1E7A4F7556}") = "Web", "Web\Web.csproj", "{9C62C0FB-2E73-43CB-B434-1427D6E64858}"
EndProject
Project("{9A19103F-16F7-4668-BE54-9A1E7A4F7556}") = "Flight", "Flight\Flight.csproj", "{1F342B2B-136C-4C9A-A4AC-474D63D656F1}"
EndProject
Project("{FAE04EC0-301F-11D3-BF4B-00C04F79EFBC}") = "Aplication.Tests", "Aplication.Tests\Aplication.Tests.csproj", "{039E3023-6A39-49BA-B49E-6096DC5AC1DB}"
EndProject
Global
	GlobalSection(SolutionConfigurationPlatforms) = preSolution
		Debug|Any CPU = Debug|Any CPU
		Release|Any CPU = Release|Any CPU
	EndGlobalSection
	GlobalSection(ProjectConfigurationPlatforms) = postSolution
		{2F87F1E6-FB97-4732-8EB7-F852A1559EF6}.Debug|Any CPU.ActiveCfg = Debug|Any CPU
		{2F87F1E6-FB97-4732-8EB7-F852A1559EF6}.Debug|Any CPU.Build.0 = Debug|Any CPU
		{2F87F1E6-FB97-4732-8EB7-F852A1559EF6}.Release|Any CPU.ActiveCfg = Release|Any CPU
		{2F87F1E6-FB97-4732-8EB7-F852A1559EF6}.Release|Any CPU.Build.0 = Release|Any CPU
		{70D9C958-C9F5-4F7D-9C7B-12FA9AF6F87E}.Debug|Any CPU.ActiveCfg = Debug|Any CPU
		{70D9C958-C9F5-4F7D-9C7B-12FA9AF6F87E}.Debug|Any CPU.Build.0 = Debug|Any CPU
		{70D9C958-C9F5-4F7D-9C7B-12FA9AF6F87E}.Release|Any CPU.ActiveCfg = Release|Any CPU
		{70D9C958-C9F5-4F7D-9C7B-12FA9AF6F87E}.Release|Any CPU.Build.0 = Release|Any CPU
		{9F35A5E6-0044-47D3-8901-145DB767EFEA}.Debug|Any CPU.ActiveCfg = Debug|Any CPU
		{9F35A5E6-0044-47D3-8901-145DB767EFEA}.Debug|Any CPU.Build.0 = Debug|Any CPU
		{9F35A5E6-0044-47D3-8901-145DB767EFEA}.Release|Any CPU.ActiveCfg = Release|Any CPU
		{9F35A5E6-0044-47D3-8901-145DB767EFEA}.Release|Any CPU.Build.0 = Release|Any CPU
		{05AD1E1D-A3C9-496D-A3FD-4DA6ACF0F492}.Debug|Any CPU.ActiveCfg = Debug|Any CPU
		{05AD1E1D-A3C9-496D-A3FD-4DA6ACF0F492}.Debug|Any CPU.Build.0 = Debug|Any CPU
		{05AD1E1D-A3C9-496D-A3FD-4DA6ACF0F492}.Release|Any CPU.ActiveCfg = Release|Any CPU
		{05AD1E1D-A3C9-496D-A3FD-4DA6ACF0F492}.Release|Any CPU.Build.0 = Release|Any CPU
		{9C62C0FB-2E73-43CB-B434-1427D6E64858}.Debug|Any CPU.ActiveCfg = Debug|Any CPU
		{9C62C0FB-2E73-43CB-B434-1427D6E64858}.Debug|Any CPU.Build.0 = Debug|Any CPU
		{9C62C0FB-2E73-43CB-B434-1427D6E64858}.Release|Any CPU.ActiveCfg = Release|Any CPU
		{9C62C0FB-2E73-43CB-B434-1427D6E64858}.Release|Any CPU.Build.0 = Release|Any CPU
		{1F342B2B-136C-4C9A-A4AC-474D63D656F1}.Debug|Any CPU.ActiveCfg = Debug|Any CPU
		{1F342B2B-136C-4C9A-A4AC-474D63D656F1}.Debug|Any CPU.Build.0 = Debug|Any CPU
		{1F342B2B-136C-4C9A-A4AC-474D63D656F1}.Release|Any CPU.ActiveCfg = Release|Any CPU
		{1F342B2B-136C-4C9A-A4AC-474D63D656F1}.Release|Any CPU.Build.0 = Release|Any CPU
		{039E3023-6A39-49BA-B49E-6096DC5AC1DB}.Debug|Any CPU.ActiveCfg = Debug|Any CPU
		{039E3023-6A39-49BA-B49E-6096DC5AC1DB}.Debug|Any CPU.Build.0 = Debug|Any CPU
		{039E3023-6A39-49BA-B49E-6096DC5AC1DB}.Release|Any CPU.ActiveCfg = Release|Any CPU
		{039E3023-6A39-49BA-B49E-6096DC5AC1DB}.Release|Any CPU.Build.0 = Release|Any CPU
	EndGlobalSection
	GlobalSection(SolutionProperties) = preSolution
		HideSolutionNode = FALSE
	EndGlobalSection
	GlobalSection(ExtensibilityGlobals) = postSolution
		SolutionGuid = {A8A75733-7C58-44EC-AD5D-AD17C196A75B}
	EndGlobalSection
EndGlobal
